
Microsoft Visual Studio Solution File, Format Version 12.00
# Visual Studio Version 16
VisualStudioVersion = 16.0.33801.447
MinimumVisualStudioVersion = 10.0.40219.1
Project("{FAE04EC0-301F-11D3-BF4B-00C04F79EFBC}") = "Math", "Math\Math.csproj", "{FAACED41-7E5C-4F2F-B90B-4F94647BA7D3}"
EndProject
Global
	GlobalSection(SolutionConfigurationPlatforms) = preSolution
		Debug|Any CPU = Debug|Any CPU
		Release|Any CPU = Release|Any CPU
	EndGlobalSection
	GlobalSection(ProjectConfigurationPlatforms) = postSolution
		{FAACED41-7E5C-4F2F-B90B-4F94647BA7D3}.Debug|Any CPU.ActiveCfg = Debug|Any CPU
		{FAACED41-7E5C-4F2F-B90B-4F94647BA7D3}.Debug|Any CPU.Build.0 = Debug|Any CPU
		{FAACED41-7E5C-4F2F-B90B-4F94647BA7D3}.Release|Any CPU.ActiveCfg = Release|Any CPU
		{FAACED41-7E5C-4F2F-B90B-4F94647BA7D3}.Release|Any CPU.Build.0 = Release|Any CPU
	EndGlobalSection
	GlobalSection(SolutionProperties) = preSolution
		HideSolutionNode = FALSE
	EndGlobalSection
	GlobalSection(ExtensibilityGlobals) = postSolution
		SolutionGuid = {BFF0C04D-584E-4D79-BDB5-34D453E33558}
	EndGlobalSection
EndGlobal
